
Microsoft Visual Studio Solution File, Format Version 12.00
# Visual Studio Version 17
VisualStudioVersion = 17.7.34024.191
MinimumVisualStudioVersion = 10.0.40219.1
Project("{FAE04EC0-301F-11D3-BF4B-00C04F79EFBC}") = "kucukten buyuye siralama", "kucukten buyuye siralama\kucukten buyuye siralama.csproj", "{A98AE3B1-2FEC-447C-8AC2-9F7CEFFC1FD7}"
EndProject
Global
	GlobalSection(SolutionConfigurationPlatforms) = preSolution
		Debug|Any CPU = Debug|Any CPU
		Release|Any CPU = Release|Any CPU
	EndGlobalSection
	GlobalSection(ProjectConfigurationPlatforms) = postSolution
		{A98AE3B1-2FEC-447C-8AC2-9F7CEFFC1FD7}.Debug|Any CPU.ActiveCfg = Debug|Any CPU
		{A98AE3B1-2FEC-447C-8AC2-9F7CEFFC1FD7}.Debug|Any CPU.Build.0 = Debug|Any CPU
		{A98AE3B1-2FEC-447C-8AC2-9F7CEFFC1FD7}.Release|Any CPU.ActiveCfg = Release|Any CPU
		{A98AE3B1-2FEC-447C-8AC2-9F7CEFFC1FD7}.Release|Any CPU.Build.0 = Release|Any CPU
	EndGlobalSection
	GlobalSection(SolutionProperties) = preSolution
		HideSolutionNode = FALSE
	EndGlobalSection
	GlobalSection(ExtensibilityGlobals) = postSolution
		SolutionGuid = {1A4D5B11-1634-4823-89E7-99A578161A53}
	EndGlobalSection
EndGlobal
